// !$*UTF8*$!
{
	archiveVersion = 1;
	classes = {
	};
	objectVersion = 46;
	objects = {

/* Begin PBXBuildFile section */
		49B5E5E219770FAA008EACCC /* Foundation.framework in Frameworks */ = {isa = PBXBuildFile; fileRef = 49B5E5E119770FAA008EACCC /* Foundation.framework */; };
		49B5E5E419770FAA008EACCC /* CoreGraphics.framework in Frameworks */ = {isa = PBXBuildFile; fileRef = 49B5E5E319770FAA008EACCC /* CoreGraphics.framework */; };
		49B5E5E619770FAA008EACCC /* UIKit.framework in Frameworks */ = {isa = PBXBuildFile; fileRef = 49B5E5E519770FAA008EACCC /* UIKit.framework */; };
		49B5E5EC19770FAA008EACCC /* InfoPlist.strings in Resources */ = {isa = PBXBuildFile; fileRef = 49B5E5EA19770FAA008EACCC /* InfoPlist.strings */; };
		49B5E5EE19770FAA008EACCC /* main.m in Sources */ = {isa = PBXBuildFile; fileRef = 49B5E5ED19770FAA008EACCC /* main.m */; };
		49B5E5F219770FAA008EACCC /* AppDelegate.m in Sources */ = {isa = PBXBuildFile; fileRef = 49B5E5F119770FAA008EACCC /* AppDelegate.m */; };
		49B5E5F519770FAB008EACCC /* Main.storyboard in Resources */ = {isa = PBXBuildFile; fileRef = 49B5E5F319770FAB008EACCC /* Main.storyboard */; };
		49B5E5F819770FAB008EACCC /* ViewController.m in Sources */ = {isa = PBXBuildFile; fileRef = 49B5E5F719770FAB008EACCC /* ViewController.m */; };
		49B5E5FA19770FAB008EACCC /* Images.xcassets in Resources */ = {isa = PBXBuildFile; fileRef = 49B5E5F919770FAB008EACCC /* Images.xcassets */; };
		49B5E60119770FAB008EACCC /* XCTest.framework in Frameworks */ = {isa = PBXBuildFile; fileRef = 49B5E60019770FAB008EACCC /* XCTest.framework */; };
		49B5E60219770FAB008EACCC /* Foundation.framework in Frameworks */ = {isa = PBXBuildFile; fileRef = 49B5E5E119770FAA008EACCC /* Foundation.framework */; };
		49B5E60319770FAB008EACCC /* UIKit.framework in Frameworks */ = {isa = PBXBuildFile; fileRef = 49B5E5E519770FAA008EACCC /* UIKit.framework */; };
		49B5E60B19770FAB008EACCC /* InfoPlist.strings in Resources */ = {isa = PBXBuildFile; fileRef = 49B5E60919770FAB008EACCC /* InfoPlist.strings */; };
		49B5E60D19770FAB008EACCC /* iOSCalculadoraTests.m in Sources */ = {isa = PBXBuildFile; fileRef = 49B5E60C19770FAB008EACCC /* iOSCalculadoraTests.m */; };
/* End PBXBuildFile section */

/* Begin PBXContainerItemProxy section */
		49B5E60419770FAB008EACCC /* PBXContainerItemProxy */ = {
			isa = PBXContainerItemProxy;
			containerPortal = 49B5E5D619770FAA008EACCC /* Project object */;
			proxyType = 1;
			remoteGlobalIDString = 49B5E5DD19770FAA008EACCC;
			remoteInfo = iOSCalculadora;
		};
/* End PBXContainerItemProxy section */

/* Begin PBXFileReference section */
		49B5E5DE19770FAA008EACCC /* iOSCalculadora.app */ = {isa = PBXFileReference; explicitFileType = wrapper.application; includeInIndex = 0; path = iOSCalculadora.app; sourceTree = BUILT_PRODUCTS_DIR; };
		49B5E5E119770FAA008EACCC /* Foundation.framework */ = {isa = PBXFileReference; lastKnownFileType = wrapper.framework; name = Foundation.framework; path = System/Library/Frameworks/Foundation.framework; sourceTree = SDKROOT; };
		49B5E5E319770FAA008EACCC /* CoreGraphics.framework */ = {isa = PBXFileReference; lastKnownFileType = wrapper.framework; name = CoreGraphics.framework; path = System/Library/Frameworks/CoreGraphics.framework; sourceTree = SDKROOT; };
		49B5E5E519770FAA008EACCC /* UIKit.framework */ = {isa = PBXFileReference; lastKnownFileType = wrapper.framework; name = UIKit.framework; path = System/Library/Frameworks/UIKit.framework; sourceTree = SDKROOT; };
		49B5E5E919770FAA008EACCC /* iOSCalculadora-Info.plist */ = {isa = PBXFileReference; lastKnownFileType = text.plist.xml; path = "iOSCalculadora-Info.plist"; sourceTree = "<group>"; };
		49B5E5EB19770FAA008EACCC /* en */ = {isa = PBXFileReference; lastKnownFileType = text.plist.strings; name = en; path = en.lproj/InfoPlist.strings; sourceTree = "<group>"; };
		49B5E5ED19770FAA008EACCC /* main.m */ = {isa = PBXFileReference; lastKnownFileType = sourcecode.c.objc; path = main.m; sourceTree = "<group>"; };
		49B5E5EF19770FAA008EACCC /* iOSCalculadora-Prefix.pch */ = {isa = PBXFileReference; lastKnownFileType = sourcecode.c.h; path = "iOSCalculadora-Prefix.pch"; sourceTree = "<group>"; };
		49B5E5F019770FAA008EACCC /* AppDelegate.h */ = {isa = PBXFileReference; lastKnownFileType = sourcecode.c.h; path = AppDelegate.h; sourceTree = "<group>"; };
		49B5E5F119770FAA008EACCC /* AppDelegate.m */ = {isa = PBXFileReference; lastKnownFileType = sourcecode.c.objc; path = AppDelegate.m; sourceTree = "<group>"; };
		49B5E5F419770FAB008EACCC /* Base */ = {isa = PBXFileReference; lastKnownFileType = file.storyboard; name = Base; path = Base.lproj/Main.storyboard; sourceTree = "<group>"; };
		49B5E5F619770FAB008EACCC /* ViewController.h */ = {isa = PBXFileReference; lastKnownFileType = sourcecode.c.h; path = ViewController.h; sourceTree = "<group>"; };
		49B5E5F719770FAB008EACCC /* ViewController.m */ = {isa = PBXFileReference; lastKnownFileType = sourcecode.c.objc; path = ViewController.m; sourceTree = "<group>"; };
		49B5E5F919770FAB008EACCC /* Images.xcassets */ = {isa = PBXFileReference; lastKnownFileType = folder.assetcatalog; path = Images.xcassets; sourceTree = "<group>"; };
		49B5E5FF19770FAB008EACCC /* iOSCalculadoraTests.xctest */ = {isa = PBXFileReference; explicitFileType = wrapper.cfbundle; includeInIndex = 0; path = iOSCalculadoraTests.xctest; sourceTree = BUILT_PRODUCTS_DIR; };
		49B5E60019770FAB008EACCC /* XCTest.framework */ = {isa = PBXFileReference; lastKnownFileType = wrapper.framework; name = XCTest.framework; path = Library/Frameworks/XCTest.framework; sourceTree = DEVELOPER_DIR; };
		49B5E60819770FAB008EACCC /* iOSCalculadoraTests-Info.plist */ = {isa = PBXFileReference; lastKnownFileType = text.plist.xml; path = "iOSCalculadoraTests-Info.plist"; sourceTree = "<group>"; };
		49B5E60A19770FAB008EACCC /* en */ = {isa = PBXFileReference; lastKnownFileType = text.plist.strings; name = en; path = en.lproj/InfoPlist.strings; sourceTree = "<group>"; };
		49B5E60C19770FAB008EACCC /* iOSCalculadoraTests.m */ = {isa = PBXFileReference; lastKnownFileType = sourcecode.c.objc; path = iOSCalculadoraTests.m; sourceTree = "<group>"; };
/* End PBXFileReference section */

/* Begin PBXFrameworksBuildPhase section */
		49B5E5DB19770FAA008EACCC /* Frameworks */ = {
			isa = PBXFrameworksBuildPhase;
			buildActionMask = 2147483647;
			files = (
				49B5E5E419770FAA008EACCC /* CoreGraphics.framework in Frameworks */,
				49B5E5E619770FAA008EACCC /* UIKit.framework in Frameworks */,
				49B5E5E219770FAA008EACCC /* Foundation.framework in Frameworks */,
			);
			runOnlyForDeploymentPostprocessing = 0;
		};
		49B5E5FC19770FAB008EACCC /* Frameworks */ = {
			isa = PBXFrameworksBuildPhase;
			buildActionMask = 2147483647;
			files = (
				49B5E60119770FAB008EACCC /* XCTest.framework in Frameworks */,
				49B5E60319770FAB008EACCC /* UIKit.framework in Frameworks */,
				49B5E60219770FAB008EACCC /* Foundation.framework in Frameworks */,
			);
			runOnlyForDeploymentPostprocessing = 0;
		};
/* End PBXFrameworksBuildPhase section */

/* Begin PBXGroup section */
		49B5E5D519770FAA008EACCC = {
			isa = PBXGroup;
			children = (
				49B5E5E719770FAA008EACCC /* iOSCalculadora */,
				49B5E60619770FAB008EACCC /* iOSCalculadoraTests */,
				49B5E5E019770FAA008EACCC /* Frameworks */,
				49B5E5DF19770FAA008EACCC /* Products */,
			);
			sourceTree = "<group>";
		};
		49B5E5DF19770FAA008EACCC /* Products */ = {
			isa = PBXGroup;
			children = (
				49B5E5DE19770FAA008EACCC /* iOSCalculadora.app */,
				49B5E5FF19770FAB008EACCC /* iOSCalculadoraTests.xctest */,
			);
			name = Products;
			sourceTree = "<group>";
		};
		49B5E5E019770FAA008EACCC /* Frameworks */ = {
			isa = PBXGroup;
			children = (
				49B5E5E119770FAA008EACCC /* Foundation.framework */,
				49B5E5E319770FAA008EACCC /* CoreGraphics.framework */,
				49B5E5E519770FAA008EACCC /* UIKit.framework */,
				49B5E60019770FAB008EACCC /* XCTest.framework */,
			);
			name = Frameworks;
			sourceTree = "<group>";
		};
		49B5E5E719770FAA008EACCC /* iOSCalculadora */ = {
			isa = PBXGroup;
			children = (
				49B5E5F019770FAA008EACCC /* AppDelegate.h */,
				49B5E5F119770FAA008EACCC /* AppDelegate.m */,
				49B5E5F319770FAB008EACCC /* Main.storyboard */,
				49B5E5F619770FAB008EACCC /* ViewController.h */,
				49B5E5F719770FAB008EACCC /* ViewController.m */,
				49B5E5F919770FAB008EACCC /* Images.xcassets */,
				49B5E5E819770FAA008EACCC /* Supporting Files */,
			);
			path = iOSCalculadora;
			sourceTree = "<group>";
		};
		49B5E5E819770FAA008EACCC /* Supporting Files */ = {
			isa = PBXGroup;
			children = (
				49B5E5E919770FAA008EACCC /* iOSCalculadora-Info.plist */,
				49B5E5EA19770FAA008EACCC /* InfoPlist.strings */,
				49B5E5ED19770FAA008EACCC /* main.m */,
				49B5E5EF19770FAA008EACCC /* iOSCalculadora-Prefix.pch */,
			);
			name = "Supporting Files";
			sourceTree = "<group>";
		};
		49B5E60619770FAB008EACCC /* iOSCalculadoraTests */ = {
			isa = PBXGroup;
			children = (
				49B5E60C19770FAB008EACCC /* iOSCalculadoraTests.m */,
				49B5E60719770FAB008EACCC /* Supporting Files */,
			);
			path = iOSCalculadoraTests;
			sourceTree = "<group>";
		};
		49B5E60719770FAB008EACCC /* Supporting Files */ = {
			isa = PBXGroup;
			children = (
				49B5E60819770FAB008EACCC /* iOSCalculadoraTests-Info.plist */,
				49B5E60919770FAB008EACCC /* InfoPlist.strings */,
			);
			name = "Supporting Files";
			sourceTree = "<group>";
		};
/* End PBXGroup section */

/* Begin PBXNativeTarget section */
		49B5E5DD19770FAA008EACCC /* iOSCalculadora */ = {
			isa = PBXNativeTarget;
			buildConfigurationList = 49B5E61019770FAB008EACCC /* Build configuration list for PBXNativeTarget "iOSCalculadora" */;
			buildPhases = (
				49B5E5DA19770FAA008EACCC /* Sources */,
				49B5E5DB19770FAA008EACCC /* Frameworks */,
				49B5E5DC19770FAA008EACCC /* Resources */,
			);
			buildRules = (
			);
			dependencies = (
			);
			name = iOSCalculadora;
			productName = iOSCalculadora;
			productReference = 49B5E5DE19770FAA008EACCC /* iOSCalculadora.app */;
			productType = "com.apple.product-type.application";
		};
		49B5E5FE19770FAB008EACCC /* iOSCalculadoraTests */ = {
			isa = PBXNativeTarget;
			buildConfigurationList = 49B5E61319770FAB008EACCC /* Build configuration list for PBXNativeTarget "iOSCalculadoraTests" */;
			buildPhases = (
				49B5E5FB19770FAB008EACCC /* Sources */,
				49B5E5FC19770FAB008EACCC /* Frameworks */,
				49B5E5FD19770FAB008EACCC /* Resources */,
			);
			buildRules = (
			);
			dependencies = (
				49B5E60519770FAB008EACCC /* PBXTargetDependency */,
			);
			name = iOSCalculadoraTests;
			productName = iOSCalculadoraTests;
			productReference = 49B5E5FF19770FAB008EACCC /* iOSCalculadoraTests.xctest */;
			productType = "com.apple.product-type.bundle.unit-test";
		};
/* End PBXNativeTarget section */

/* Begin PBXProject section */
		49B5E5D619770FAA008EACCC /* Project object */ = {
			isa = PBXProject;
			attributes = {
				LastUpgradeCheck = 0510;
				ORGANIZATIONNAME = "sergio ivan lopez monzon";
				TargetAttributes = {
					49B5E5FE19770FAB008EACCC = {
						TestTargetID = 49B5E5DD19770FAA008EACCC;
					};
				};
			};
			buildConfigurationList = 49B5E5D919770FAA008EACCC /* Build configuration list for PBXProject "iOSCalculadora" */;
			compatibilityVersion = "Xcode 3.2";
			developmentRegion = English;
			hasScannedForEncodings = 0;
			knownRegions = (
				en,
				Base,
			);
			mainGroup = 49B5E5D519770FAA008EACCC;
			productRefGroup = 49B5E5DF19770FAA008EACCC /* Products */;
			projectDirPath = "";
			projectRoot = "";
			targets = (
				49B5E5DD19770FAA008EACCC /* iOSCalculadora */,
				49B5E5FE19770FAB008EACCC /* iOSCalculadoraTests */,
			);
		};
/* End PBXProject section */

/* Begin PBXResourcesBuildPhase section */
		49B5E5DC19770FAA008EACCC /* Resources */ = {
			isa = PBXResourcesBuildPhase;
			buildActionMask = 2147483647;
			files = (
				49B5E5FA19770FAB008EACCC /* Images.xcassets in Resources */,
				49B5E5EC19770FAA008EACCC /* InfoPlist.strings in Resources */,
				49B5E5F519770FAB008EACCC /* Main.storyboard in Resources */,
			);
			runOnlyForDeploymentPostprocessing = 0;
		};
		49B5E5FD19770FAB008EACCC /* Resources */ = {
			isa = PBXResourcesBuildPhase;
			buildActionMask = 2147483647;
			files = (
				49B5E60B19770FAB008EACCC /* InfoPlist.strings in Resources */,
			);
			runOnlyForDeploymentPostprocessing = 0;
		};
/* End PBXResourcesBuildPhase section */

/* Begin PBXSourcesBuildPhase section */
		49B5E5DA19770FAA008EACCC /* Sources */ = {
			isa = PBXSourcesBuildPhase;
			buildActionMask = 2147483647;
			files = (
				49B5E5F819770FAB008EACCC /* ViewController.m in Sources */,
				49B5E5F219770FAA008EACCC /* AppDelegate.m in Sources */,
				49B5E5EE19770FAA008EACCC /* main.m in Sources */,
			);
			runOnlyForDeploymentPostprocessing = 0;
		};
		49B5E5FB19770FAB008EACCC /* Sources */ = {
			isa = PBXSourcesBuildPhase;
			buildActionMask = 2147483647;
			files = (
				49B5E60D19770FAB008EACCC /* iOSCalculadoraTests.m in Sources */,
			);
			runOnlyForDeploymentPostprocessing = 0;
		};
/* End PBXSourcesBuildPhase section */

/* Begin PBXTargetDependency section */
		49B5E60519770FAB008EACCC /* PBXTargetDependency */ = {
			isa = PBXTargetDependency;
			target = 49B5E5DD19770FAA008EACCC /* iOSCalculadora */;
			targetProxy = 49B5E60419770FAB008EACCC /* PBXContainerItemProxy */;
		};
/* End PBXTargetDependency section */

/* Begin PBXVariantGroup section */
		49B5E5EA19770FAA008EACCC /* InfoPlist.strings */ = {
			isa = PBXVariantGroup;
			children = (
				49B5E5EB19770FAA008EACCC /* en */,
			);
			name = InfoPlist.strings;
			sourceTree = "<group>";
		};
		49B5E5F319770FAB008EACCC /* Main.storyboard */ = {
			isa = PBXVariantGroup;
			children = (
				49B5E5F419770FAB008EACCC /* Base */,
			);
			name = Main.storyboard;
			sourceTree = "<group>";
		};
		49B5E60919770FAB008EACCC /* InfoPlist.strings */ = {
			isa = PBXVariantGroup;
			children = (
				49B5E60A19770FAB008EACCC /* en */,
			);
			name = InfoPlist.strings;
			sourceTree = "<group>";
		};
/* End PBXVariantGroup section */

/* Begin XCBuildConfiguration section */
		49B5E60E19770FAB008EACCC /* Debug */ = {
			isa = XCBuildConfiguration;
			buildSettings = {
				ALWAYS_SEARCH_USER_PATHS = NO;
				CLANG_CXX_LANGUAGE_STANDARD = "gnu++0x";
				CLANG_CXX_LIBRARY = "libc++";
				CLANG_ENABLE_MODULES = YES;
				CLANG_ENABLE_OBJC_ARC = YES;
				CLANG_WARN_BOOL_CONVERSION = YES;
				CLANG_WARN_CONSTANT_CONVERSION = YES;
				CLANG_WARN_DIRECT_OBJC_ISA_USAGE = YES_ERROR;
				CLANG_WARN_EMPTY_BODY = YES;
				CLANG_WARN_ENUM_CONVERSION = YES;
				CLANG_WARN_INT_CONVERSION = YES;
				CLANG_WARN_OBJC_ROOT_CLASS = YES_ERROR;
				CLANG_WARN__DUPLICATE_METHOD_MATCH = YES;
				"CODE_SIGN_IDENTITY[sdk=iphoneos*]" = "iPhone Developer";
				COPY_PHASE_STRIP = NO;
				GCC_C_LANGUAGE_STANDARD = gnu99;
				GCC_DYNAMIC_NO_PIC = NO;
				GCC_OPTIMIZATION_LEVEL = 0;
				GCC_PREPROCESSOR_DEFINITIONS = (
					"DEBUG=1",
					"$(inherited)",
				);
				GCC_SYMBOLS_PRIVATE_EXTERN = NO;
				GCC_WARN_64_TO_32_BIT_CONVERSION = YES;
				GCC_WARN_ABOUT_RETURN_TYPE = YES_ERROR;
				GCC_WARN_UNDECLARED_SELECTOR = YES;
				GCC_WARN_UNINITIALIZED_AUTOS = YES_AGGRESSIVE;
				GCC_WARN_UNUSED_FUNCTION = YES;
				GCC_WARN_UNUSED_VARIABLE = YES;
				IPHONEOS_DEPLOYMENT_TARGET = 7.1;
				ONLY_ACTIVE_ARCH = YES;
				SDKROOT = iphoneos;
			};
			name = Debug;
		};
		49B5E60F19770FAB008EACCC /* Release */ = {
			isa = XCBuildConfiguration;
			buildSettings = {
				ALWAYS_SEARCH_USER_PATHS = NO;
				CLANG_CXX_LANGUAGE_STANDARD = "gnu++0x";
				CLANG_CXX_LIBRARY = "libc++";
				CLANG_ENABLE_MODULES = YES;
				CLANG_ENABLE_OBJC_ARC = YES;
				CLANG_WARN_BOOL_CONVERSION = YES;
				CLANG_WARN_CONSTANT_CONVERSION = YES;
				CLANG_WARN_DIRECT_OBJC_ISA_USAGE = YES_ERROR;
				CLANG_WARN_EMPTY_BODY = YES;
				CLANG_WARN_ENUM_CONVERSION = YES;
				CLANG_WARN_INT_CONVERSION = YES;
				CLANG_WARN_OBJC_ROOT_CLASS = YES_ERROR;
				CLANG_WARN__DUPLICATE_METHOD_MATCH = YES;
				"CODE_SIGN_IDENTITY[sdk=iphoneos*]" = "iPhone Developer";
				COPY_PHASE_STRIP = YES;
				ENABLE_NS_ASSERTIONS = NO;
				GCC_C_LANGUAGE_STANDARD = gnu99;
				GCC_WARN_64_TO_32_BIT_CONVERSION = YES;
				GCC_WARN_ABOUT_RETURN_TYPE = YES_ERROR;
				GCC_WARN_UNDECLARED_SELECTOR = YES;
				GCC_WARN_UNINITIALIZED_AUTOS = YES_AGGRESSIVE;
				GCC_WARN_UNUSED_FUNCTION = YES;
				GCC_WARN_UNUSED_VARIABLE = YES;
				IPHONEOS_DEPLOYMENT_TARGET = 7.1;
				SDKROOT = iphoneos;
				VALIDATE_PRODUCT = YES;
			};
			name = Release;
		};
		49B5E61119770FAB008EACCC /* Debug */ = {
			isa = XCBuildConfiguration;
			buildSettings = {
				ASSETCATALOG_COMPILER_APPICON_NAME = AppIcon;
				ASSETCATALOG_COMPILER_LAUNCHIMAGE_NAME = LaunchImage;
				GCC_PRECOMPILE_PREFIX_HEADER = YES;
				GCC_PREFIX_HEADER = "iOSCalculadora/iOSCalculadora-Prefix.pch";
				INFOPLIST_FILE = "iOSCalculadora/iOSCalculadora-Info.plist";
				PRODUCT_NAME = "$(TARGET_NAME)";
				WRAPPER_EXTENSION = app;
			};
			name = Debug;
		};
		49B5E61219770FAB008EACCC /* Release */ = {
			isa = XCBuildConfiguration;
			buildSettings = {
				ASSETCATALOG_COMPILER_APPICON_NAME = AppIcon;
				ASSETCATALOG_COMPILER_LAUNCHIMAGE_NAME = LaunchImage;
				GCC_PRECOMPILE_PREFIX_HEADER = YES;
				GCC_PREFIX_HEADER = "iOSCalculadora/iOSCalculadora-Prefix.pch";
				INFOPLIST_FILE = "iOSCalculadora/iOSCalculadora-Info.plist";
				PRODUCT_NAME = "$(TARGET_NAME)";
				WRAPPER_EXTENSION = app;
			};
			name = Release;
		};
		49B5E61419770FAB008EACCC /* Debug */ = {
			isa = XCBuildConfiguration;
			buildSettings = {
				BUNDLE_LOADER = "$(BUILT_PRODUCTS_DIR)/iOSCalculadora.app/iOSCalculadora";
				FRAMEWORK_SEARCH_PATHS = (
					"$(SDKROOT)/Developer/Library/Frameworks",
					"$(inherited)",
					"$(DEVELOPER_FRAMEWORKS_DIR)",
				);
				GCC_PRECOMPILE_PREFIX_HEADER = YES;
				GCC_PREFIX_HEADER = "iOSCalculadora/iOSCalculadora-Prefix.pch";
				GCC_PREPROCESSOR_DEFINITIONS = (
					"DEBUG=1",
					"$(inherited)",
				);
				INFOPLIST_FILE = "iOSCalculadoraTests/iOSCalculadoraTests-Info.plist";
				PRODUCT_NAME = "$(TARGET_NAME)";
				TEST_HOST = "$(BUNDLE_LOADER)";
				WRAPPER_EXTENSION = xctest;
			};
			name = Debug;
		};
		49B5E61519770FAB008EACCC /* Release */ = {
			isa = XCBuildConfiguration;
			buildSettings = {
				BUNDLE_LOADER = "$(BUILT_PRODUCTS_DIR)/iOSCalculadora.app/iOSCalculadora";
				FRAMEWORK_SEARCH_PATHS = (
					"$(SDKROOT)/Developer/Library/Frameworks",
					"$(inherited)",
					"$(DEVELOPER_FRAMEWORKS_DIR)",
				);
				GCC_PRECOMPILE_PREFIX_HEADER = YES;
				GCC_PREFIX_HEADER = "iOSCalculadora/iOSCalculadora-Prefix.pch";
				INFOPLIST_FILE = "iOSCalculadoraTests/iOSCalculadoraTests-Info.plist";
				PRODUCT_NAME = "$(TARGET_NAME)";
				TEST_HOST = "$(BUNDLE_LOADER)";
				WRAPPER_EXTENSION = xctest;
			};
			name = Release;
		};
/* End XCBuildConfiguration section */

/* Begin XCConfigurationList section */
		49B5E5D919770FAA008EACCC /* Build configuration list for PBXProject "iOSCalculadora" */ = {
			isa = XCConfigurationList;
			buildConfigurations = (
				49B5E60E19770FAB008EACCC /* Debug */,
				49B5E60F19770FAB008EACCC /* Release */,
			);
			defaultConfigurationIsVisible = 0;
			defaultConfigurationName = Release;
		};
		49B5E61019770FAB008EACCC /* Build configuration list for PBXNativeTarget "iOSCalculadora" */ = {
			isa = XCConfigurationList;
			buildConfigurations = (
				49B5E61119770FAB008EACCC /* Debug */,
				49B5E61219770FAB008EACCC /* Release */,
			);
			defaultConfigurationIsVisible = 0;
		};
		49B5E61319770FAB008EACCC /* Build configuration list for PBXNativeTarget "iOSCalculadoraTests" */ = {
			isa = XCConfigurationList;
			buildConfigurations = (
				49B5E61419770FAB008EACCC /* Debug */,
				49B5E61519770FAB008EACCC /* Release */,
			);
			defaultConfigurationIsVisible = 0;
		};
/* End XCConfigurationList section */
	};
	rootObject = 49B5E5D619770FAA008EACCC /* Project object */;
}
